// !$*UTF8*$!
{
	archiveVersion = 1;
	classes = {
	};
	objectVersion = 56;
	objects = {

/* Begin PBXBuildFile section */
		F6CEDD372C6746D6003ED3AC /* AppDelegate.swift in Sources */ = {isa = PBXBuildFile; fileRef = F6CEDD362C6746D6003ED3AC /* AppDelegate.swift */; };
		F6CEDD392C6746D6003ED3AC /* SceneDelegate.swift in Sources */ = {isa = PBXBuildFile; fileRef = F6CEDD382C6746D6003ED3AC /* SceneDelegate.swift */; };
		F6CEDD3B2C6746D6003ED3AC /* ViewController.swift in Sources */ = {isa = PBXBuildFile; fileRef = F6CEDD3A2C6746D6003ED3AC /* ViewController.swift */; };
		F6CEDD3E2C6746D6003ED3AC /* Base in Resources */ = {isa = PBXBuildFile; fileRef = F6CEDD3D2C6746D6003ED3AC /* Base */; };
		F6CEDD402C6746D7003ED3AC /* Assets.xcassets in Resources */ = {isa = PBXBuildFile; fileRef = F6CEDD3F2C6746D7003ED3AC /* Assets.xcassets */; };
		F6CEDD432C6746D7003ED3AC /* Base in Resources */ = {isa = PBXBuildFile; fileRef = F6CEDD422C6746D7003ED3AC /* Base */; };
		F6CEDD4B2C6746EF003ED3AC /* AuthCodeView.swift in Sources */ = {isa = PBXBuildFile; fileRef = F6CEDD4A2C6746EF003ED3AC /* AuthCodeView.swift */; };
/* End PBXBuildFile section */

/* Begin PBXFileReference section */
		F6CEDD332C6746D6003ED3AC /* AuthCodeView.app */ = {isa = PBXFileReference; explicitFileType = wrapper.application; includeInIndex = 0; path = AuthCodeView.app; sourceTree = BUILT_PRODUCTS_DIR; };
		F6CEDD362C6746D6003ED3AC /* AppDelegate.swift */ = {isa = PBXFileReference; lastKnownFileType = sourcecode.swift; path = AppDelegate.swift; sourceTree = "<group>"; };
		F6CEDD382C6746D6003ED3AC /* SceneDelegate.swift */ = {isa = PBXFileReference; lastKnownFileType = sourcecode.swift; path = SceneDelegate.swift; sourceTree = "<group>"; };
		F6CEDD3A2C6746D6003ED3AC /* ViewController.swift */ = {isa = PBXFileReference; lastKnownFileType = sourcecode.swift; path = ViewController.swift; sourceTree = "<group>"; };
		F6CEDD3D2C6746D6003ED3AC /* Base */ = {isa = PBXFileReference; lastKnownFileType = file.storyboard; name = Base; path = Base.lproj/Main.storyboard; sourceTree = "<group>"; };
		F6CEDD3F2C6746D7003ED3AC /* Assets.xcassets */ = {isa = PBXFileReference; lastKnownFileType = folder.assetcatalog; path = Assets.xcassets; sourceTree = "<group>"; };
		F6CEDD422C6746D7003ED3AC /* Base */ = {isa = PBXFileReference; lastKnownFileType = file.storyboard; name = Base; path = Base.lproj/LaunchScreen.storyboard; sourceTree = "<group>"; };
		F6CEDD442C6746D7003ED3AC /* Info.plist */ = {isa = PBXFileReference; lastKnownFileType = text.plist.xml; path = Info.plist; sourceTree = "<group>"; };
		F6CEDD4A2C6746EF003ED3AC /* AuthCodeView.swift */ = {isa = PBXFileReference; fileEncoding = 4; lastKnownFileType = sourcecode.swift; path = AuthCodeView.swift; sourceTree = "<group>"; };
/* End PBXFileReference section */

/* Begin PBXFrameworksBuildPhase section */
		F6CEDD302C6746D6003ED3AC /* Frameworks */ = {
			isa = PBXFrameworksBuildPhase;
			buildActionMask = 2147483647;
			files = (
			);
			runOnlyForDeploymentPostprocessing = 0;
		};
/* End PBXFrameworksBuildPhase section */

/* Begin PBXGroup section */
		F6CEDD2A2C6746D6003ED3AC = {
			isa = PBXGroup;
			children = (
				F6CEDD352C6746D6003ED3AC /* AuthCodeView */,
				F6CEDD342C6746D6003ED3AC /* Products */,
			);
			sourceTree = "<group>";
		};
		F6CEDD342C6746D6003ED3AC /* Products */ = {
			isa = PBXGroup;
			children = (
				F6CEDD332C6746D6003ED3AC /* AuthCodeView.app */,
			);
			name = Products;
			sourceTree = "<group>";
		};
		F6CEDD352C6746D6003ED3AC /* AuthCodeView */ = {
			isa = PBXGroup;
			children = (
				F6CEDD362C6746D6003ED3AC /* AppDelegate.swift */,
				F6CEDD382C6746D6003ED3AC /* SceneDelegate.swift */,
				F6CEDD3A2C6746D6003ED3AC /* ViewController.swift */,
				F6CEDD4A2C6746EF003ED3AC /* AuthCodeView.swift */,
				F6CEDD3C2C6746D6003ED3AC /* Main.storyboard */,
				F6CEDD3F2C6746D7003ED3AC /* Assets.xcassets */,
				F6CEDD412C6746D7003ED3AC /* LaunchScreen.storyboard */,
				F6CEDD442C6746D7003ED3AC /* Info.plist */,
			);
			path = AuthCodeView;
			sourceTree = "<group>";
		};
/* End PBXGroup section */

/* Begin PBXNativeTarget section */
		F6CEDD322C6746D6003ED3AC /* AuthCodeView */ = {
			isa = PBXNativeTarget;
			buildConfigurationList = F6CEDD472C6746D7003ED3AC /* Build configuration list for PBXNativeTarget "AuthCodeView" */;
			buildPhases = (
				F6CEDD2F2C6746D6003ED3AC /* Sources */,
				F6CEDD302C6746D6003ED3AC /* Frameworks */,
				F6CEDD312C6746D6003ED3AC /* Resources */,
			);
			buildRules = (
			);
			dependencies = (
			);
			name = AuthCodeView;
			productName = AuthCodeView;
			productReference = F6CEDD332C6746D6003ED3AC /* AuthCodeView.app */;
			productType = "com.apple.product-type.application";
		};
/* End PBXNativeTarget section */

/* Begin PBXProject section */
		F6CEDD2B2C6746D6003ED3AC /* Project object */ = {
			isa = PBXProject;
			attributes = {
				BuildIndependentTargetsInParallel = 1;
				LastSwiftUpdateCheck = 1540;
				LastUpgradeCheck = 1540;
				TargetAttributes = {
					F6CEDD322C6746D6003ED3AC = {
						CreatedOnToolsVersion = 15.4;
					};
				};
			};
			buildConfigurationList = F6CEDD2E2C6746D6003ED3AC /* Build configuration list for PBXProject "AuthCodeView" */;
			compatibilityVersion = "Xcode 14.0";
			developmentRegion = en;
			hasScannedForEncodings = 0;
			knownRegions = (
				en,
				Base,
			);
			mainGroup = F6CEDD2A2C6746D6003ED3AC;
			productRefGroup = F6CEDD342C6746D6003ED3AC /* Products */;
			projectDirPath = "";
			projectRoot = "";
			targets = (
				F6CEDD322C6746D6003ED3AC /* AuthCodeView */,
			);
		};
/* End PBXProject section */

/* Begin PBXResourcesBuildPhase section */
		F6CEDD312C6746D6003ED3AC /* Resources */ = {
			isa = PBXResourcesBuildPhase;
			buildActionMask = 2147483647;
			files = (
				F6CEDD402C6746D7003ED3AC /* Assets.xcassets in Resources */,
				F6CEDD432C6746D7003ED3AC /* Base in Resources */,
				F6CEDD3E2C6746D6003ED3AC /* Base in Resources */,
			);
			runOnlyForDeploymentPostprocessing = 0;
		};
/* End PBXResourcesBuildPhase section */

/* Begin PBXSourcesBuildPhase section */
		F6CEDD2F2C6746D6003ED3AC /* Sources */ = {
			isa = PBXSourcesBuildPhase;
			buildActionMask = 2147483647;
			files = (
				F6CEDD3B2C6746D6003ED3AC /* ViewController.swift in Sources */,
				F6CEDD4B2C6746EF003ED3AC /* AuthCodeView.swift in Sources */,
				F6CEDD372C6746D6003ED3AC /* AppDelegate.swift in Sources */,
				F6CEDD392C6746D6003ED3AC /* SceneDelegate.swift in Sources */,
			);
			runOnlyForDeploymentPostprocessing = 0;
		};
/* End PBXSourcesBuildPhase section */

/* Begin PBXVariantGroup section */
		F6CEDD3C2C6746D6003ED3AC /* Main.storyboard */ = {
			isa = PBXVariantGroup;
			children = (
				F6CEDD3D2C6746D6003ED3AC /* Base */,
			);
			name = Main.storyboard;
			sourceTree = "<group>";
		};
		F6CEDD412C6746D7003ED3AC /* LaunchScreen.storyboard */ = {
			isa = PBXVariantGroup;
			children = (
				F6CEDD422C6746D7003ED3AC /* Base */,
			);
			name = LaunchScreen.storyboard;
			sourceTree = "<group>";
		};
/* End PBXVariantGroup section */

/* Begin XCBuildConfiguration section */
		F6CEDD452C6746D7003ED3AC /* Debug */ = {
			isa = XCBuildConfiguration;
			buildSettings = {
				ALWAYS_SEARCH_USER_PATHS = NO;
				ASSETCATALOG_COMPILER_GENERATE_SWIFT_ASSET_SYMBOL_EXTENSIONS = YES;
				CLANG_ANALYZER_NONNULL = YES;
				CLANG_ANALYZER_NUMBER_OBJECT_CONVERSION = YES_AGGRESSIVE;
				CLANG_CXX_LANGUAGE_STANDARD = "gnu++20";
				CLANG_ENABLE_MODULES = YES;
				CLANG_ENABLE_OBJC_ARC = YES;
				CLANG_ENABLE_OBJC_WEAK = YES;
				CLANG_WARN_BLOCK_CAPTURE_AUTORELEASING = YES;
				CLANG_WARN_BOOL_CONVERSION = YES;
				CLANG_WARN_COMMA = YES;
				CLANG_WARN_CONSTANT_CONVERSION = YES;
				CLANG_WARN_DEPRECATED_OBJC_IMPLEMENTATIONS = YES;
				CLANG_WARN_DIRECT_OBJC_ISA_USAGE = YES_ERROR;
				CLANG_WARN_DOCUMENTATION_COMMENTS = YES;
				CLANG_WARN_EMPTY_BODY = YES;
				CLANG_WARN_ENUM_CONVERSION = YES;
				CLANG_WARN_INFINITE_RECURSION = YES;
				CLANG_WARN_INT_CONVERSION = YES;
				CLANG_WARN_NON_LITERAL_NULL_CONVERSION = YES;
				CLANG_WARN_OBJC_IMPLICIT_RETAIN_SELF = YES;
				CLANG_WARN_OBJC_LITERAL_CONVERSION = YES;
				CLANG_WARN_OBJC_ROOT_CLASS = YES_ERROR;
				CLANG_WARN_QUOTED_INCLUDE_IN_FRAMEWORK_HEADER = YES;
				CLANG_WARN_RANGE_LOOP_ANALYSIS = YES;
				CLANG_WARN_STRICT_PROTOTYPES = YES;
				CLANG_WARN_SUSPICIOUS_MOVE = YES;
				CLANG_WARN_UNGUARDED_AVAILABILITY = YES_AGGRESSIVE;
				CLANG_WARN_UNREACHABLE_CODE = YES;
				CLANG_WARN__DUPLICATE_METHOD_MATCH = YES;
				COPY_PHASE_STRIP = NO;
				DEBUG_INFORMATION_FORMAT = dwarf;
				ENABLE_STRICT_OBJC_MSGSEND = YES;
				ENABLE_TESTABILITY = YES;
				ENABLE_USER_SCRIPT_SANDBOXING = YES;
				GCC_C_LANGUAGE_STANDARD = gnu17;
				GCC_DYNAMIC_NO_PIC = NO;
				GCC_NO_COMMON_BLOCKS = YES;
				GCC_OPTIMIZATION_LEVEL = 0;
				GCC_PREPROCESSOR_DEFINITIONS = (
					"DEBUG=1",
					"$(inherited)",
				);
				GCC_WARN_64_TO_32_BIT_CONVERSION = YES;
				GCC_WARN_ABOUT_RETURN_TYPE = YES_ERROR;
				GCC_WARN_UNDECLARED_SELECTOR = YES;
				GCC_WARN_UNINITIALIZED_AUTOS = YES_AGGRESSIVE;
				GCC_WARN_UNUSED_FUNCTION = YES;
				GCC_WARN_UNUSED_VARIABLE = YES;
				IPHONEOS_DEPLOYMENT_TARGET = 17.5;
				LOCALIZATION_PREFERS_STRING_CATALOGS = YES;
				MTL_ENABLE_DEBUG_INFO = INCLUDE_SOURCE;
				MTL_FAST_MATH = YES;
				ONLY_ACTIVE_ARCH = YES;
				SDKROOT = iphoneos;
				SWIFT_ACTIVE_COMPILATION_CONDITIONS = "DEBUG $(inherited)";
				SWIFT_OPTIMIZATION_LEVEL = "-Onone";
			};
			name = Debug;
		};
		F6CEDD462C6746D7003ED3AC /* Release */ = {
			isa = XCBuildConfiguration;
			buildSettings = {
				ALWAYS_SEARCH_USER_PATHS = NO;
				ASSETCATALOG_COMPILER_GENERATE_SWIFT_ASSET_SYMBOL_EXTENSIONS = YES;
				CLANG_ANALYZER_NONNULL = YES;
				CLANG_ANALYZER_NUMBER_OBJECT_CONVERSION = YES_AGGRESSIVE;
				CLANG_CXX_LANGUAGE_STANDARD = "gnu++20";
				CLANG_ENABLE_MODULES = YES;
				CLANG_ENABLE_OBJC_ARC = YES;
				CLANG_ENABLE_OBJC_WEAK = YES;
				CLANG_WARN_BLOCK_CAPTURE_AUTORELEASING = YES;
				CLANG_WARN_BOOL_CONVERSION = YES;
				CLANG_WARN_COMMA = YES;
				CLANG_WARN_CONSTANT_CONVERSION = YES;
				CLANG_WARN_DEPRECATED_OBJC_IMPLEMENTATIONS = YES;
				CLANG_WARN_DIRECT_OBJC_ISA_USAGE = YES_ERROR;
				CLANG_WARN_DOCUMENTATION_COMMENTS = YES;
				CLANG_WARN_EMPTY_BODY = YES;
				CLANG_WARN_ENUM_CONVERSION = YES;
				CLANG_WARN_INFINITE_RECURSION = YES;
				CLANG_WARN_INT_CONVERSION = YES;
				CLANG_WARN_NON_LITERAL_NULL_CONVERSION = YES;
				CLANG_WARN_OBJC_IMPLICIT_RETAIN_SELF = YES;
				CLANG_WARN_OBJC_LITERAL_CONVERSION = YES;
				CLANG_WARN_OBJC_ROOT_CLASS = YES_ERROR;
				CLANG_WARN_QUOTED_INCLUDE_IN_FRAMEWORK_HEADER = YES;
				CLANG_WARN_RANGE_LOOP_ANALYSIS = YES;
				CLANG_WARN_STRICT_PROTOTYPES = YES;
				CLANG_WARN_SUSPICIOUS_MOVE = YES;
				CLANG_WARN_UNGUARDED_AVAILABILITY = YES_AGGRESSIVE;
				CLANG_WARN_UNREACHABLE_CODE = YES;
				CLANG_WARN__DUPLICATE_METHOD_MATCH = YES;
				COPY_PHASE_STRIP = NO;
				DEBUG_INFORMATION_FORMAT = "dwarf-with-dsym";
				ENABLE_NS_ASSERTIONS = NO;
				ENABLE_STRICT_OBJC_MSGSEND = YES;
				ENABLE_USER_SCRIPT_SANDBOXING = YES;
				GCC_C_LANGUAGE_STANDARD = gnu17;
				GCC_NO_COMMON_BLOCKS = YES;
				GCC_WARN_64_TO_32_BIT_CONVERSION = YES;
				GCC_WARN_ABOUT_RETURN_TYPE = YES_ERROR;
				GCC_WARN_UNDECLARED_SELECTOR = YES;
				GCC_WARN_UNINITIALIZED_AUTOS = YES_AGGRESSIVE;
				GCC_WARN_UNUSED_FUNCTION = YES;
				GCC_WARN_UNUSED_VARIABLE = YES;
				IPHONEOS_DEPLOYMENT_TARGET = 17.5;
				LOCALIZATION_PREFERS_STRING_CATALOGS = YES;
				MTL_ENABLE_DEBUG_INFO = NO;
				MTL_FAST_MATH = YES;
				SDKROOT = iphoneos;
				SWIFT_COMPILATION_MODE = wholemodule;
				VALIDATE_PRODUCT = YES;
			};
			name = Release;
		};
		F6CEDD482C6746D7003ED3AC /* Debug */ = {
			isa = XCBuildConfiguration;
			buildSettings = {
				ASSETCATALOG_COMPILER_APPICON_NAME = AppIcon;
				ASSETCATALOG_COMPILER_GLOBAL_ACCENT_COLOR_NAME = AccentColor;
				CODE_SIGN_STYLE = Automatic;
				CURRENT_PROJECT_VERSION = 1;
				DEVELOPMENT_TEAM = HPG34327TY;
				GENERATE_INFOPLIST_FILE = YES;
				INFOPLIST_FILE = AuthCodeView/Info.plist;
				INFOPLIST_KEY_UIApplicationSupportsIndirectInputEvents = YES;
				INFOPLIST_KEY_UILaunchStoryboardName = LaunchScreen;
				INFOPLIST_KEY_UIMainStoryboardFile = Main;
				INFOPLIST_KEY_UISupportedInterfaceOrientations_iPad = "UIInterfaceOrientationPortrait UIInterfaceOrientationPortraitUpsideDown UIInterfaceOrientationLandscapeLeft UIInterfaceOrientationLandscapeRight";
				INFOPLIST_KEY_UISupportedInterfaceOrientations_iPhone = "UIInterfaceOrientationPortrait UIInterfaceOrientationLandscapeLeft UIInterfaceOrientationLandscapeRight";
				LD_RUNPATH_SEARCH_PATHS = (
					"$(inherited)",
					"@executable_path/Frameworks",
				);
				MARKETING_VERSION = 1.0;
				PRODUCT_BUNDLE_IDENTIFIER = com.yanun.AuthCodeView;
				PRODUCT_NAME = "$(TARGET_NAME)";
				SWIFT_EMIT_LOC_STRINGS = YES;
				SWIFT_VERSION = 5.0;
				TARGETED_DEVICE_FAMILY = "1,2";
			};
			name = Debug;
		};
		F6CEDD492C6746D7003ED3AC /* Release */ = {
			isa = XCBuildConfiguration;
			buildSettings = {
				ASSETCATALOG_COMPILER_APPICON_NAME = AppIcon;
				ASSETCATALOG_COMPILER_GLOBAL_ACCENT_COLOR_NAME = AccentColor;
				CODE_SIGN_STYLE = Automatic;
				CURRENT_PROJECT_VERSION = 1;
				DEVELOPMENT_TEAM = HPG34327TY;
				GENERATE_INFOPLIST_FILE = YES;
				INFOPLIST_FILE = AuthCodeView/Info.plist;
				INFOPLIST_KEY_UIApplicationSupportsIndirectInputEvents = YES;
				INFOPLIST_KEY_UILaunchStoryboardName = LaunchScreen;
				INFOPLIST_KEY_UIMainStoryboardFile = Main;
				INFOPLIST_KEY_UISupportedInterfaceOrientations_iPad = "UIInterfaceOrientationPortrait UIInterfaceOrientationPortraitUpsideDown UIInterfaceOrientationLandscapeLeft UIInterfaceOrientationLandscapeRight";
				INFOPLIST_KEY_UISupportedInterfaceOrientations_iPhone = "UIInterfaceOrientationPortrait UIInterfaceOrientationLandscapeLeft UIInterfaceOrientationLandscapeRight";
				LD_RUNPATH_SEARCH_PATHS = (
					"$(inherited)",
					"@executable_path/Frameworks",
				);
				MARKETING_VERSION = 1.0;
				PRODUCT_BUNDLE_IDENTIFIER = com.yanun.AuthCodeView;
				PRODUCT_NAME = "$(TARGET_NAME)";
				SWIFT_EMIT_LOC_STRINGS = YES;
				SWIFT_VERSION = 5.0;
				TARGETED_DEVICE_FAMILY = "1,2";
			};
			name = Release;
		};
/* End XCBuildConfiguration section */

/* Begin XCConfigurationList section */
		F6CEDD2E2C6746D6003ED3AC /* Build configuration list for PBXProject "AuthCodeView" */ = {
			isa = XCConfigurationList;
			buildConfigurations = (
				F6CEDD452C6746D7003ED3AC /* Debug */,
				F6CEDD462C6746D7003ED3AC /* Release */,
			);
			defaultConfigurationIsVisible = 0;
			defaultConfigurationName = Release;
		};
		F6CEDD472C6746D7003ED3AC /* Build configuration list for PBXNativeTarget "AuthCodeView" */ = {
			isa = XCConfigurationList;
			buildConfigurations = (
				F6CEDD482C6746D7003ED3AC /* Debug */,
				F6CEDD492C6746D7003ED3AC /* Release */,
			);
			defaultConfigurationIsVisible = 0;
			defaultConfigurationName = Release;
		};
/* End XCConfigurationList section */
	};
	rootObject = F6CEDD2B2C6746D6003ED3AC /* Project object */;
}
